// !$*UTF8*$!
{
	archiveVersion = 1;
	classes = {
	};
	objectVersion = 46;
	objects = {

/* Begin PBXFileReference section */
		6A8690D41AC1BDDB00E043F3 /* test_input2 */ = {isa = PBXFileReference; lastKnownFileType = text; path = test_input2; sourceTree = "<group>"; };
		6A8690D51AC1BE1500E043F3 /* test_output2 */ = {isa = PBXFileReference; lastKnownFileType = text; path = test_output2; sourceTree = "<group>"; };
		6AE79EB21ABF1DE200DBE530 /* Hashtable.pdf */ = {isa = PBXFileReference; lastKnownFileType = image.pdf; path = Hashtable.pdf; sourceTree = "<group>"; };
		6AE79EB31ABF1DE200DBE530 /* hashtable_main.cpp */ = {isa = PBXFileReference; lastKnownFileType = sourcecode.cpp.cpp; path = hashtable_main.cpp; sourceTree = "<group>"; };
		6AE79EB41ABF1DE200DBE530 /* makefile */ = {isa = PBXFileReference; lastKnownFileType = sourcecode.make; path = makefile; sourceTree = "<group>"; usesTabs = 1; };
		6AE79EB51ABF222A00DBE530 /* test_input */ = {isa = PBXFileReference; lastKnownFileType = text; path = test_input; sourceTree = "<group>"; };
		6AE79EB61ABF2BBE00DBE530 /* hashtable.cpp */ = {isa = PBXFileReference; lastKnownFileType = sourcecode.cpp.cpp; path = hashtable.cpp; sourceTree = "<group>"; };
		6AE79EB71ABF2BBE00DBE530 /* hashtable.h */ = {isa = PBXFileReference; lastKnownFileType = sourcecode.c.h; path = hashtable.h; sourceTree = "<group>"; };
/* End PBXFileReference section */

/* Begin PBXGroup section */
		6AE79EAB1ABF1D1F00DBE530 = {
			isa = PBXGroup;
			children = (
				6AE79EB21ABF1DE200DBE530 /* Hashtable.pdf */,
				6AE79EB31ABF1DE200DBE530 /* hashtable_main.cpp */,
				6AE79EB61ABF2BBE00DBE530 /* hashtable.cpp */,
				6AE79EB71ABF2BBE00DBE530 /* hashtable.h */,
				6AE79EB51ABF222A00DBE530 /* test_input */,
				6A8690D41AC1BDDB00E043F3 /* test_input2 */,
				6A8690D51AC1BE1500E043F3 /* test_output2 */,
				6AE79EB41ABF1DE200DBE530 /* makefile */,
			);
			sourceTree = "<group>";
		};
/* End PBXGroup section */

/* Begin PBXProject section */
		6AE79EAC1ABF1D1F00DBE530 /* Project object */ = {
			isa = PBXProject;
			attributes = {
				LastUpgradeCheck = 0620;
			};
			buildConfigurationList = 6AE79EAF1ABF1D1F00DBE530 /* Build configuration list for PBXProject "Exercise 3" */;
			compatibilityVersion = "Xcode 3.2";
			developmentRegion = English;
			hasScannedForEncodings = 0;
			knownRegions = (
				en,
			);
			mainGroup = 6AE79EAB1ABF1D1F00DBE530;
			projectDirPath = "";
			projectRoot = "";
			targets = (
			);
		};
/* End PBXProject section */

/* Begin XCBuildConfiguration section */
		6AE79EB01ABF1D1F00DBE530 /* Debug */ = {
			isa = XCBuildConfiguration;
			buildSettings = {
			};
			name = Debug;
		};
		6AE79EB11ABF1D1F00DBE530 /* Release */ = {
			isa = XCBuildConfiguration;
			buildSettings = {
			};
			name = Release;
		};
/* End XCBuildConfiguration section */

/* Begin XCConfigurationList section */
		6AE79EAF1ABF1D1F00DBE530 /* Build configuration list for PBXProject "Exercise 3" */ = {
			isa = XCConfigurationList;
			buildConfigurations = (
				6AE79EB01ABF1D1F00DBE530 /* Debug */,
				6AE79EB11ABF1D1F00DBE530 /* Release */,
			);
			defaultConfigurationIsVisible = 0;
			defaultConfigurationName = Release;
		};
/* End XCConfigurationList section */
	};
	rootObject = 6AE79EAC1ABF1D1F00DBE530 /* Project object */;
}
